
Microsoft Visual Studio Solution File, Format Version 12.00
# Visual Studio Version 17
VisualStudioVersion = 17.0.31903.59
MinimumVisualStudioVersion = 10.0.40219.1
Project("{2150E333-8FDC-42A3-9474-1A3956D46DE8}") = "src", "src", "{B9EC1066-4F47-4310-9553-1298325321D8}"
EndProject
Project("{2150E333-8FDC-42A3-9474-1A3956D46DE8}") = "samples", "samples", "{AEAB4533-28CE-4CA9-9CD7-FC7FEF911204}"
	ProjectSection(SolutionItems) = preProject
		samples\README.md = samples\README.md
	EndProjectSection
EndProject
Project("{2150E333-8FDC-42A3-9474-1A3956D46DE8}") = "test", "test", "{E0D4A60F-5411-4587-A085-D41117F83905}"
EndProject
Project("{2150E333-8FDC-42A3-9474-1A3956D46DE8}") = "Solution Items", "Solution Items", "{D8CA4CF5-0E50-45F6-945E-A899EDE8D03D}"
	ProjectSection(SolutionItems) = preProject
		.github\workflows\dotnet-core.yml = .github\workflows\dotnet-core.yml
		README.md = README.md
	EndProjectSection
EndProject
Project("{9A19103F-16F7-4668-BE54-9A1E7A4F7556}") = "Elmah.Io.AspNetCore", "src\Elmah.Io.AspNetCore\Elmah.Io.AspNetCore.csproj", "{B9CE3863-95A7-4DBA-9D04-BB5A5ACF4AC5}"
EndProject
Project("{9A19103F-16F7-4668-BE54-9A1E7A4F7556}") = "Elmah.Io.AspNetCore.HealthChecks", "src\Elmah.Io.AspNetCore.HealthChecks\Elmah.Io.AspNetCore.HealthChecks.csproj", "{8549D00D-1627-43BF-B512-C9B825009095}"
EndProject
Project("{9A19103F-16F7-4668-BE54-9A1E7A4F7556}") = "Elmah.Io.AspNetCore.TagHelpers", "src\Elmah.Io.AspNetCore.TagHelpers\Elmah.Io.AspNetCore.TagHelpers.csproj", "{143AD06F-4F57-4E6B-9C09-A38005E5C025}"
EndProject
Project("{9A19103F-16F7-4668-BE54-9A1E7A4F7556}") = "Elmah.Io.AspNetCore.Tests", "test\Elmah.Io.AspNetCore.Tests\Elmah.Io.AspNetCore.Tests.csproj", "{7F9CB9B1-BDB3-430B-84AF-0BCD8CE1C4F3}"
EndProject
Project("{9A19103F-16F7-4668-BE54-9A1E7A4F7556}") = "Elmah.Io.AspNetCore.HealthChecks.Example", "samples\Elmah.Io.AspNetCore.HealthChecks.Example\Elmah.Io.AspNetCore.HealthChecks.Example.csproj", "{A4DDFAB9-076D-4CA4-9A6E-EF5550605BD3}"
EndProject
Project("{9A19103F-16F7-4668-BE54-9A1E7A4F7556}") = "Elmah.Io.AspNetCore60.Example", "samples\Elmah.Io.AspNetCore60.Example\Elmah.Io.AspNetCore60.Example.csproj", "{44812DB3-4FAD-4BF4-83D6-0807886A042B}"
EndProject
Project("{9A19103F-16F7-4668-BE54-9A1E7A4F7556}") = "Elmah.Io.AspNetCore70.Example", "samples\Elmah.Io.AspNetCore70.Example\Elmah.Io.AspNetCore70.Example.csproj", "{C7C799CD-1C2A-4170-91B2-268060D99427}"
EndProject
Project("{FAE04EC0-301F-11D3-BF4B-00C04F79EFBC}") = "Elmah.Io.AspNetCore80.Example", "samples\Elmah.Io.AspNetCore80.Example\Elmah.Io.AspNetCore80.Example.csproj", "{96D3E57A-3734-4049-BAEA-E97A405AE4EE}"
EndProject
Project("{FAE04EC0-301F-11D3-BF4B-00C04F79EFBC}") = "Elmah.Io.AspNetCore90.Example", "samples\Elmah.Io.AspNetCore90.Example\Elmah.Io.AspNetCore90.Example.csproj", "{CCD64990-D7F5-4FBD-9F37-6E3A0B8E6E02}"
EndProject
Global
	GlobalSection(SolutionConfigurationPlatforms) = preSolution
		Debug|Any CPU = Debug|Any CPU
		Release|Any CPU = Release|Any CPU
	EndGlobalSection
	GlobalSection(ProjectConfigurationPlatforms) = postSolution
		{B9CE3863-95A7-4DBA-9D04-BB5A5ACF4AC5}.Debug|Any CPU.ActiveCfg = Debug|Any CPU
		{B9CE3863-95A7-4DBA-9D04-BB5A5ACF4AC5}.Debug|Any CPU.Build.0 = Debug|Any CPU
		{B9CE3863-95A7-4DBA-9D04-BB5A5ACF4AC5}.Release|Any CPU.ActiveCfg = Release|Any CPU
		{B9CE3863-95A7-4DBA-9D04-BB5A5ACF4AC5}.Release|Any CPU.Build.0 = Release|Any CPU
		{8549D00D-1627-43BF-B512-C9B825009095}.Debug|Any CPU.ActiveCfg = Debug|Any CPU
		{8549D00D-1627-43BF-B512-C9B825009095}.Debug|Any CPU.Build.0 = Debug|Any CPU
		{8549D00D-1627-43BF-B512-C9B825009095}.Release|Any CPU.ActiveCfg = Release|Any CPU
		{8549D00D-1627-43BF-B512-C9B825009095}.Release|Any CPU.Build.0 = Release|Any CPU
		{143AD06F-4F57-4E6B-9C09-A38005E5C025}.Debug|Any CPU.ActiveCfg = Debug|Any CPU
		{143AD06F-4F57-4E6B-9C09-A38005E5C025}.Debug|Any CPU.Build.0 = Debug|Any CPU
		{143AD06F-4F57-4E6B-9C09-A38005E5C025}.Release|Any CPU.ActiveCfg = Release|Any CPU
		{143AD06F-4F57-4E6B-9C09-A38005E5C025}.Release|Any CPU.Build.0 = Release|Any CPU
		{7F9CB9B1-BDB3-430B-84AF-0BCD8CE1C4F3}.Debug|Any CPU.ActiveCfg = Debug|Any CPU
		{7F9CB9B1-BDB3-430B-84AF-0BCD8CE1C4F3}.Debug|Any CPU.Build.0 = Debug|Any CPU
		{7F9CB9B1-BDB3-430B-84AF-0BCD8CE1C4F3}.Release|Any CPU.ActiveCfg = Release|Any CPU
		{7F9CB9B1-BDB3-430B-84AF-0BCD8CE1C4F3}.Release|Any CPU.Build.0 = Release|Any CPU
		{A4DDFAB9-076D-4CA4-9A6E-EF5550605BD3}.Debug|Any CPU.ActiveCfg = Debug|Any CPU
		{A4DDFAB9-076D-4CA4-9A6E-EF5550605BD3}.Debug|Any CPU.Build.0 = Debug|Any CPU
		{A4DDFAB9-076D-4CA4-9A6E-EF5550605BD3}.Release|Any CPU.ActiveCfg = Release|Any CPU
		{A4DDFAB9-076D-4CA4-9A6E-EF5550605BD3}.Release|Any CPU.Build.0 = Release|Any CPU
		{44812DB3-4FAD-4BF4-83D6-0807886A042B}.Debug|Any CPU.ActiveCfg = Debug|Any CPU
		{44812DB3-4FAD-4BF4-83D6-0807886A042B}.Debug|Any CPU.Build.0 = Debug|Any CPU
		{44812DB3-4FAD-4BF4-83D6-0807886A042B}.Release|Any CPU.ActiveCfg = Release|Any CPU
		{44812DB3-4FAD-4BF4-83D6-0807886A042B}.Release|Any CPU.Build.0 = Release|Any CPU
		{C7C799CD-1C2A-4170-91B2-268060D99427}.Debug|Any CPU.ActiveCfg = Debug|Any CPU
		{C7C799CD-1C2A-4170-91B2-268060D99427}.Debug|Any CPU.Build.0 = Debug|Any CPU
		{C7C799CD-1C2A-4170-91B2-268060D99427}.Release|Any CPU.ActiveCfg = Release|Any CPU
		{C7C799CD-1C2A-4170-91B2-268060D99427}.Release|Any CPU.Build.0 = Release|Any CPU
		{96D3E57A-3734-4049-BAEA-E97A405AE4EE}.Debug|Any CPU.ActiveCfg = Debug|Any CPU
		{96D3E57A-3734-4049-BAEA-E97A405AE4EE}.Debug|Any CPU.Build.0 = Debug|Any CPU
		{96D3E57A-3734-4049-BAEA-E97A405AE4EE}.Release|Any CPU.ActiveCfg = Release|Any CPU
		{96D3E57A-3734-4049-BAEA-E97A405AE4EE}.Release|Any CPU.Build.0 = Release|Any CPU
		{CCD64990-D7F5-4FBD-9F37-6E3A0B8E6E02}.Debug|Any CPU.ActiveCfg = Debug|Any CPU
		{CCD64990-D7F5-4FBD-9F37-6E3A0B8E6E02}.Debug|Any CPU.Build.0 = Debug|Any CPU
		{CCD64990-D7F5-4FBD-9F37-6E3A0B8E6E02}.Release|Any CPU.ActiveCfg = Release|Any CPU
		{CCD64990-D7F5-4FBD-9F37-6E3A0B8E6E02}.Release|Any CPU.Build.0 = Release|Any CPU
	EndGlobalSection
	GlobalSection(SolutionProperties) = preSolution
		HideSolutionNode = FALSE
	EndGlobalSection
	GlobalSection(NestedProjects) = preSolution
		{B9CE3863-95A7-4DBA-9D04-BB5A5ACF4AC5} = {B9EC1066-4F47-4310-9553-1298325321D8}
		{8549D00D-1627-43BF-B512-C9B825009095} = {B9EC1066-4F47-4310-9553-1298325321D8}
		{143AD06F-4F57-4E6B-9C09-A38005E5C025} = {B9EC1066-4F47-4310-9553-1298325321D8}
		{7F9CB9B1-BDB3-430B-84AF-0BCD8CE1C4F3} = {E0D4A60F-5411-4587-A085-D41117F83905}
		{A4DDFAB9-076D-4CA4-9A6E-EF5550605BD3} = {AEAB4533-28CE-4CA9-9CD7-FC7FEF911204}
		{44812DB3-4FAD-4BF4-83D6-0807886A042B} = {AEAB4533-28CE-4CA9-9CD7-FC7FEF911204}
		{C7C799CD-1C2A-4170-91B2-268060D99427} = {AEAB4533-28CE-4CA9-9CD7-FC7FEF911204}
		{96D3E57A-3734-4049-BAEA-E97A405AE4EE} = {AEAB4533-28CE-4CA9-9CD7-FC7FEF911204}
		{CCD64990-D7F5-4FBD-9F37-6E3A0B8E6E02} = {AEAB4533-28CE-4CA9-9CD7-FC7FEF911204}
	EndGlobalSection
	GlobalSection(ExtensibilityGlobals) = postSolution
		SolutionGuid = {DAE57CF5-2DDC-4EF5-85A3-BDA571A8E9A9}
	EndGlobalSection
EndGlobal
