
Microsoft Visual Studio Solution File, Format Version 12.00
# Visual Studio 15
VisualStudioVersion = 15.0.26228.4
MinimumVisualStudioVersion = 10.0.40219.1
Project("{2150E333-8FDC-42A3-9474-1A3956D46DE8}") = "src", "src", "{B9EC1066-4F47-4310-9553-1298325321D8}"
EndProject
Project("{2150E333-8FDC-42A3-9474-1A3956D46DE8}") = "samples", "samples", "{AEAB4533-28CE-4CA9-9CD7-FC7FEF911204}"
EndProject
Project("{2150E333-8FDC-42A3-9474-1A3956D46DE8}") = "test", "test", "{E0D4A60F-5411-4587-A085-D41117F83905}"
EndProject
Project("{2150E333-8FDC-42A3-9474-1A3956D46DE8}") = "Solution Items", "Solution Items", "{D8CA4CF5-0E50-45F6-945E-A899EDE8D03D}"
	ProjectSection(SolutionItems) = preProject
		appveyor.yml = appveyor.yml
		README.md = README.md
	EndProjectSection
EndProject
Project("{9A19103F-16F7-4668-BE54-9A1E7A4F7556}") = "Elmah.Io.AspNetCore", "src\Elmah.Io.AspNetCore\Elmah.Io.AspNetCore.csproj", "{B9CE3863-95A7-4DBA-9D04-BB5A5ACF4AC5}"
EndProject
Project("{9A19103F-16F7-4668-BE54-9A1E7A4F7556}") = "Elmah.Io.AspNetCore.Example", "samples\Elmah.Io.AspNetCore.Example\Elmah.Io.AspNetCore.Example.csproj", "{F6EF594B-4F6F-42DC-8BF7-073B551E089E}"
EndProject
Project("{9A19103F-16F7-4668-BE54-9A1E7A4F7556}") = "Elmah.Io.AspNetCore.Tests", "test\Elmah.Io.AspNetCore.Tests\Elmah.Io.AspNetCore.Tests.csproj", "{CBC3E1AC-9DE1-4241-867D-BDF93B323F6A}"
EndProject
Project("{FAE04EC0-301F-11D3-BF4B-00C04F79EFBC}") = "Elmah.Io.AspNetCore.NetFrameworkExample", "samples\Elmah.Io.AspNetCore.NetFrameworkExample\Elmah.Io.AspNetCore.NetFrameworkExample.csproj", "{C05352E0-5F59-48E6-B2E0-43A7653B2315}"
EndProject
Global
	GlobalSection(SolutionConfigurationPlatforms) = preSolution
		Debug|Any CPU = Debug|Any CPU
		Release|Any CPU = Release|Any CPU
	EndGlobalSection
	GlobalSection(ProjectConfigurationPlatforms) = postSolution
		{B9CE3863-95A7-4DBA-9D04-BB5A5ACF4AC5}.Debug|Any CPU.ActiveCfg = Debug|Any CPU
		{B9CE3863-95A7-4DBA-9D04-BB5A5ACF4AC5}.Debug|Any CPU.Build.0 = Debug|Any CPU
		{B9CE3863-95A7-4DBA-9D04-BB5A5ACF4AC5}.Release|Any CPU.ActiveCfg = Release|Any CPU
		{B9CE3863-95A7-4DBA-9D04-BB5A5ACF4AC5}.Release|Any CPU.Build.0 = Release|Any CPU
		{F6EF594B-4F6F-42DC-8BF7-073B551E089E}.Debug|Any CPU.ActiveCfg = Debug|Any CPU
		{F6EF594B-4F6F-42DC-8BF7-073B551E089E}.Debug|Any CPU.Build.0 = Debug|Any CPU
		{F6EF594B-4F6F-42DC-8BF7-073B551E089E}.Release|Any CPU.ActiveCfg = Release|Any CPU
		{F6EF594B-4F6F-42DC-8BF7-073B551E089E}.Release|Any CPU.Build.0 = Release|Any CPU
		{CBC3E1AC-9DE1-4241-867D-BDF93B323F6A}.Debug|Any CPU.ActiveCfg = Debug|Any CPU
		{CBC3E1AC-9DE1-4241-867D-BDF93B323F6A}.Debug|Any CPU.Build.0 = Debug|Any CPU
		{CBC3E1AC-9DE1-4241-867D-BDF93B323F6A}.Release|Any CPU.ActiveCfg = Release|Any CPU
		{CBC3E1AC-9DE1-4241-867D-BDF93B323F6A}.Release|Any CPU.Build.0 = Release|Any CPU
		{C05352E0-5F59-48E6-B2E0-43A7653B2315}.Debug|Any CPU.ActiveCfg = Debug|Any CPU
		{C05352E0-5F59-48E6-B2E0-43A7653B2315}.Debug|Any CPU.Build.0 = Debug|Any CPU
		{C05352E0-5F59-48E6-B2E0-43A7653B2315}.Release|Any CPU.ActiveCfg = Release|Any CPU
		{C05352E0-5F59-48E6-B2E0-43A7653B2315}.Release|Any CPU.Build.0 = Release|Any CPU
	EndGlobalSection
	GlobalSection(SolutionProperties) = preSolution
		HideSolutionNode = FALSE
	EndGlobalSection
	GlobalSection(NestedProjects) = preSolution
		{B9CE3863-95A7-4DBA-9D04-BB5A5ACF4AC5} = {B9EC1066-4F47-4310-9553-1298325321D8}
		{F6EF594B-4F6F-42DC-8BF7-073B551E089E} = {AEAB4533-28CE-4CA9-9CD7-FC7FEF911204}
		{CBC3E1AC-9DE1-4241-867D-BDF93B323F6A} = {E0D4A60F-5411-4587-A085-D41117F83905}
		{C05352E0-5F59-48E6-B2E0-43A7653B2315} = {AEAB4533-28CE-4CA9-9CD7-FC7FEF911204}
	EndGlobalSection
EndGlobal
